Microsoft Visual Studio Solution File, Format Version 12.00
# Visual Studio Version 17
VisualStudioVersion = 17.5.2.0
MinimumVisualStudioVersion = 10.0.40219.1
Project("{FAE04EC0-301F-11D3-BF4B-00C04F79EFBC}") = "Codigos_2425_3_Semestres", "Codigos_2425_3_Semestres.csproj", "{9EA6A634-8AD6-F36A-54D0-36EF1EC2B31D}"
EndProject
Global
	GlobalSection(SolutionConfigurationPlatforms) = preSolution
		Debug|Any CPU = Debug|Any CPU
		Release|Any CPU = Release|Any CPU
	EndGlobalSection
	GlobalSection(ProjectConfigurationPlatforms) = postSolution
		{9EA6A634-8AD6-F36A-54D0-36EF1EC2B31D}.Debug|Any CPU.ActiveCfg = Debug|Any CPU
		{9EA6A634-8AD6-F36A-54D0-36EF1EC2B31D}.Debug|Any CPU.Build.0 = Debug|Any CPU
		{9EA6A634-8AD6-F36A-54D0-36EF1EC2B31D}.Release|Any CPU.ActiveCfg = Release|Any CPU
		{9EA6A634-8AD6-F36A-54D0-36EF1EC2B31D}.Release|Any CPU.Build.0 = Release|Any CPU
	EndGlobalSection
	GlobalSection(SolutionProperties) = preSolution
		HideSolutionNode = FALSE
	EndGlobalSection
	GlobalSection(ExtensibilityGlobals) = postSolution
		SolutionGuid = {EE53B569-8768-4591-B452-DC288B2EAE10}
	EndGlobalSection
EndGlobal
